// !$*UTF8*$!
{
	archiveVersion = 1;
	classes = {
	};
	objectVersion = 55;
	objects = {

/* Begin PBXBuildFile section */
		70D7DABC284FC23F001B4100 /* AppDelegate.swift in Sources */ = {isa = PBXBuildFile; fileRef = 70D7DABB284FC23F001B4100 /* AppDelegate.swift */; };
		70D7DABE284FC23F001B4100 /* SceneDelegate.swift in Sources */ = {isa = PBXBuildFile; fileRef = 70D7DABD284FC23F001B4100 /* SceneDelegate.swift */; };
		70D7DAC0284FC23F001B4100 /* ExampleViewController.swift in Sources */ = {isa = PBXBuildFile; fileRef = 70D7DABF284FC23F001B4100 /* ExampleViewController.swift */; };
		70D7DAC3284FC23F001B4100 /* Main.storyboard in Resources */ = {isa = PBXBuildFile; fileRef = 70D7DAC1284FC23F001B4100 /* Main.storyboard */; };
		70D7DAC5284FC240001B4100 /* Assets.xcassets in Resources */ = {isa = PBXBuildFile; fileRef = 70D7DAC4284FC240001B4100 /* Assets.xcassets */; };
		70D7DAC8284FC240001B4100 /* LaunchScreen.storyboard in Resources */ = {isa = PBXBuildFile; fileRef = 70D7DAC6284FC240001B4100 /* LaunchScreen.storyboard */; };
/* End PBXBuildFile section */

/* Begin PBXFileReference section */
		70D7DAB8284FC23F001B4100 /* SensorMotion.app */ = {isa = PBXFileReference; explicitFileType = wrapper.application; includeInIndex = 0; path = SensorMotion.app; sourceTree = BUILT_PRODUCTS_DIR; };
		70D7DABB284FC23F001B4100 /* AppDelegate.swift */ = {isa = PBXFileReference; lastKnownFileType = sourcecode.swift; path = AppDelegate.swift; sourceTree = "<group>"; };
		70D7DABD284FC23F001B4100 /* SceneDelegate.swift */ = {isa = PBXFileReference; lastKnownFileType = sourcecode.swift; path = SceneDelegate.swift; sourceTree = "<group>"; };
		70D7DABF284FC23F001B4100 /* ExampleViewController.swift */ = {isa = PBXFileReference; lastKnownFileType = sourcecode.swift; path = ExampleViewController.swift; sourceTree = "<group>"; };
		70D7DAC2284FC23F001B4100 /* Base */ = {isa = PBXFileReference; lastKnownFileType = file.storyboard; name = Base; path = Base.lproj/Main.storyboard; sourceTree = "<group>"; };
		70D7DAC4284FC240001B4100 /* Assets.xcassets */ = {isa = PBXFileReference; lastKnownFileType = folder.assetcatalog; path = Assets.xcassets; sourceTree = "<group>"; };
		70D7DAC7284FC240001B4100 /* Base */ = {isa = PBXFileReference; lastKnownFileType = file.storyboard; name = Base; path = Base.lproj/LaunchScreen.storyboard; sourceTree = "<group>"; };
		70D7DAC9284FC240001B4100 /* Info.plist */ = {isa = PBXFileReference; lastKnownFileType = text.plist.xml; path = Info.plist; sourceTree = "<group>"; };
/* End PBXFileReference section */

/* Begin PBXFrameworksBuildPhase section */
		70D7DAB5284FC23F001B4100 /* Frameworks */ = {
			isa = PBXFrameworksBuildPhase;
			buildActionMask = 2147483647;
			files = (
			);
			runOnlyForDeploymentPostprocessing = 0;
		};
/* End PBXFrameworksBuildPhase section */

/* Begin PBXGroup section */
		70D7DAAF284FC23F001B4100 = {
			isa = PBXGroup;
			children = (
				70D7DABA284FC23F001B4100 /* SensorMotion */,
				70D7DAB9284FC23F001B4100 /* Products */,
			);
			sourceTree = "<group>";
		};
		70D7DAB9284FC23F001B4100 /* Products */ = {
			isa = PBXGroup;
			children = (
				70D7DAB8284FC23F001B4100 /* SensorMotion.app */,
			);
			name = Products;
			sourceTree = "<group>";
		};
		70D7DABA284FC23F001B4100 /* SensorMotion */ = {
			isa = PBXGroup;
			children = (
				70D7DAC9284FC240001B4100 /* Info.plist */,
				70D7DAC6284FC240001B4100 /* LaunchScreen.storyboard */,
				70DC751328928B80005830B1 /* App */,
				70DC751228928B77005830B1 /* ViewControllers */,
				70DC751428928BA8005830B1 /* Storyboards */,
				70DC751528928BB0005830B1 /* Resources */,
			);
			path = SensorMotion;
			sourceTree = "<group>";
		};
		70DC751228928B77005830B1 /* ViewControllers */ = {
			isa = PBXGroup;
			children = (
				70D7DABF284FC23F001B4100 /* ExampleViewController.swift */,
			);
			name = ViewControllers;
			sourceTree = "<group>";
		};
		70DC751328928B80005830B1 /* App */ = {
			isa = PBXGroup;
			children = (
				70D7DABB284FC23F001B4100 /* AppDelegate.swift */,
				70D7DABD284FC23F001B4100 /* SceneDelegate.swift */,
			);
			name = App;
			sourceTree = "<group>";
		};
		70DC751428928BA8005830B1 /* Storyboards */ = {
			isa = PBXGroup;
			children = (
				70D7DAC1284FC23F001B4100 /* Main.storyboard */,
			);
			name = Storyboards;
			sourceTree = "<group>";
		};
		70DC751528928BB0005830B1 /* Resources */ = {
			isa = PBXGroup;
			children = (
				70D7DAC4284FC240001B4100 /* Assets.xcassets */,
			);
			name = Resources;
			sourceTree = "<group>";
		};
/* End PBXGroup section */

/* Begin PBXNativeTarget section */
		70D7DAB7284FC23F001B4100 /* SensorMotion */ = {
			isa = PBXNativeTarget;
			buildConfigurationList = 70D7DACC284FC240001B4100 /* Build configuration list for PBXNativeTarget "SensorMotion" */;
			buildPhases = (
				70D7DAB4284FC23F001B4100 /* Sources */,
				70D7DAB5284FC23F001B4100 /* Frameworks */,
				70D7DAB6284FC23F001B4100 /* Resources */,
			);
			buildRules = (
			);
			dependencies = (
			);
			name = SensorMotion;
			productName = SensorMotion;
			productReference = 70D7DAB8284FC23F001B4100 /* SensorMotion.app */;
			productType = "com.apple.product-type.application";
		};
/* End PBXNativeTarget section */

/* Begin PBXProject section */
		70D7DAB0284FC23F001B4100 /* Project object */ = {
			isa = PBXProject;
			attributes = {
				BuildIndependentTargetsInParallel = 1;
				LastSwiftUpdateCheck = 1330;
				LastUpgradeCheck = 1330;
				TargetAttributes = {
					70D7DAB7284FC23F001B4100 = {
						CreatedOnToolsVersion = 13.3;
					};
				};
			};
			buildConfigurationList = 70D7DAB3284FC23F001B4100 /* Build configuration list for PBXProject "SensorMotion" */;
			compatibilityVersion = "Xcode 13.0";
			developmentRegion = en;
			hasScannedForEncodings = 0;
			knownRegions = (
				en,
				Base,
			);
			mainGroup = 70D7DAAF284FC23F001B4100;
			productRefGroup = 70D7DAB9284FC23F001B4100 /* Products */;
			projectDirPath = "";
			projectRoot = "";
			targets = (
				70D7DAB7284FC23F001B4100 /* SensorMotion */,
			);
		};
/* End PBXProject section */

/* Begin PBXResourcesBuildPhase section */
		70D7DAB6284FC23F001B4100 /* Resources */ = {
			isa = PBXResourcesBuildPhase;
			buildActionMask = 2147483647;
			files = (
				70D7DAC8284FC240001B4100 /* LaunchScreen.storyboard in Resources */,
				70D7DAC5284FC240001B4100 /* Assets.xcassets in Resources */,
				70D7DAC3284FC23F001B4100 /* Main.storyboard in Resources */,
			);
			runOnlyForDeploymentPostprocessing = 0;
		};
/* End PBXResourcesBuildPhase section */

/* Begin PBXSourcesBuildPhase section */
		70D7DAB4284FC23F001B4100 /* Sources */ = {
			isa = PBXSourcesBuildPhase;
			buildActionMask = 2147483647;
			files = (
				70D7DAC0284FC23F001B4100 /* ExampleViewController.swift in Sources */,
				70D7DABC284FC23F001B4100 /* AppDelegate.swift in Sources */,
				70D7DABE284FC23F001B4100 /* SceneDelegate.swift in Sources */,
			);
			runOnlyForDeploymentPostprocessing = 0;
		};
/* End PBXSourcesBuildPhase section */

/* Begin PBXVariantGroup section */
		70D7DAC1284FC23F001B4100 /* Main.storyboard */ = {
			isa = PBXVariantGroup;
			children = (
				70D7DAC2284FC23F001B4100 /* Base */,
			);
			name = Main.storyboard;
			sourceTree = "<group>";
		};
		70D7DAC6284FC240001B4100 /* LaunchScreen.storyboard */ = {
			isa = PBXVariantGroup;
			children = (
				70D7DAC7284FC240001B4100 /* Base */,
			);
			name = LaunchScreen.storyboard;
			sourceTree = "<group>";
		};
/* End PBXVariantGroup section */

/* Begin XCBuildConfiguration section */
		70D7DACA284FC240001B4100 /* Debug */ = {
			isa = XCBuildConfiguration;
			buildSettings = {
				ALWAYS_SEARCH_USER_PATHS = NO;
				CLANG_ANALYZER_NONNULL = YES;
				CLANG_ANALYZER_NUMBER_OBJECT_CONVERSION = YES_AGGRESSIVE;
				CLANG_CXX_LANGUAGE_STANDARD = "gnu++17";
				CLANG_ENABLE_MODULES = YES;
				CLANG_ENABLE_OBJC_ARC = YES;
				CLANG_ENABLE_OBJC_WEAK = YES;
				CLANG_WARN_BLOCK_CAPTURE_AUTORELEASING = YES;
				CLANG_WARN_BOOL_CONVERSION = YES;
				CLANG_WARN_COMMA = YES;
				CLANG_WARN_CONSTANT_CONVERSION = YES;
				CLANG_WARN_DEPRECATED_OBJC_IMPLEMENTATIONS = YES;
				CLANG_WARN_DIRECT_OBJC_ISA_USAGE = YES_ERROR;
				CLANG_WARN_DOCUMENTATION_COMMENTS = YES;
				CLANG_WARN_EMPTY_BODY = YES;
				CLANG_WARN_ENUM_CONVERSION = YES;
				CLANG_WARN_INFINITE_RECURSION = YES;
				CLANG_WARN_INT_CONVERSION = YES;
				CLANG_WARN_NON_LITERAL_NULL_CONVERSION = YES;
				CLANG_WARN_OBJC_IMPLICIT_RETAIN_SELF = YES;
				CLANG_WARN_OBJC_LITERAL_CONVERSION = YES;
				CLANG_WARN_OBJC_ROOT_CLASS = YES_ERROR;
				CLANG_WARN_QUOTED_INCLUDE_IN_FRAMEWORK_HEADER = YES;
				CLANG_WARN_RANGE_LOOP_ANALYSIS = YES;
				CLANG_WARN_STRICT_PROTOTYPES = YES;
				CLANG_WARN_SUSPICIOUS_MOVE = YES;
				CLANG_WARN_UNGUARDED_AVAILABILITY = YES_AGGRESSIVE;
				CLANG_WARN_UNREACHABLE_CODE = YES;
				CLANG_WARN__DUPLICATE_METHOD_MATCH = YES;
				COPY_PHASE_STRIP = NO;
				DEBUG_INFORMATION_FORMAT = dwarf;
				ENABLE_STRICT_OBJC_MSGSEND = YES;
				ENABLE_TESTABILITY = YES;
				GCC_C_LANGUAGE_STANDARD = gnu11;
				GCC_DYNAMIC_NO_PIC = NO;
				GCC_NO_COMMON_BLOCKS = YES;
				GCC_OPTIMIZATION_LEVEL = 0;
				GCC_PREPROCESSOR_DEFINITIONS = (
					"DEBUG=1",
					"$(inherited)",
				);
				GCC_WARN_64_TO_32_BIT_CONVERSION = YES;
				GCC_WARN_ABOUT_RETURN_TYPE = YES_ERROR;
				GCC_WARN_UNDECLARED_SELECTOR = YES;
				GCC_WARN_UNINITIALIZED_AUTOS = YES_AGGRESSIVE;
				GCC_WARN_UNUSED_FUNCTION = YES;
				GCC_WARN_UNUSED_VARIABLE = YES;
				IPHONEOS_DEPLOYMENT_TARGET = 15.4;
				MTL_ENABLE_DEBUG_INFO = INCLUDE_SOURCE;
				MTL_FAST_MATH = YES;
				ONLY_ACTIVE_ARCH = YES;
				SDKROOT = iphoneos;
				SWIFT_ACTIVE_COMPILATION_CONDITIONS = DEBUG;
				SWIFT_OPTIMIZATION_LEVEL = "-Onone";
			};
			name = Debug;
		};
		70D7DACB284FC240001B4100 /* Release */ = {
			isa = XCBuildConfiguration;
			buildSettings = {
				ALWAYS_SEARCH_USER_PATHS = NO;
				CLANG_ANALYZER_NONNULL = YES;
				CLANG_ANALYZER_NUMBER_OBJECT_CONVERSION = YES_AGGRESSIVE;
				CLANG_CXX_LANGUAGE_STANDARD = "gnu++17";
				CLANG_ENABLE_MODULES = YES;
				CLANG_ENABLE_OBJC_ARC = YES;
				CLANG_ENABLE_OBJC_WEAK = YES;
				CLANG_WARN_BLOCK_CAPTURE_AUTORELEASING = YES;
				CLANG_WARN_BOOL_CONVERSION = YES;
				CLANG_WARN_COMMA = YES;
				CLANG_WARN_CONSTANT_CONVERSION = YES;
				CLANG_WARN_DEPRECATED_OBJC_IMPLEMENTATIONS = YES;
				CLANG_WARN_DIRECT_OBJC_ISA_USAGE = YES_ERROR;
				CLANG_WARN_DOCUMENTATION_COMMENTS = YES;
				CLANG_WARN_EMPTY_BODY = YES;
				CLANG_WARN_ENUM_CONVERSION = YES;
				CLANG_WARN_INFINITE_RECURSION = YES;
				CLANG_WARN_INT_CONVERSION = YES;
				CLANG_WARN_NON_LITERAL_NULL_CONVERSION = YES;
				CLANG_WARN_OBJC_IMPLICIT_RETAIN_SELF = YES;
				CLANG_WARN_OBJC_LITERAL_CONVERSION = YES;
				CLANG_WARN_OBJC_ROOT_CLASS = YES_ERROR;
				CLANG_WARN_QUOTED_INCLUDE_IN_FRAMEWORK_HEADER = YES;
				CLANG_WARN_RANGE_LOOP_ANALYSIS = YES;
				CLANG_WARN_STRICT_PROTOTYPES = YES;
				CLANG_WARN_SUSPICIOUS_MOVE = YES;
				CLANG_WARN_UNGUARDED_AVAILABILITY = YES_AGGRESSIVE;
				CLANG_WARN_UNREACHABLE_CODE = YES;
				CLANG_WARN__DUPLICATE_METHOD_MATCH = YES;
				COPY_PHASE_STRIP = NO;
				DEBUG_INFORMATION_FORMAT = "dwarf-with-dsym";
				ENABLE_NS_ASSERTIONS = NO;
				ENABLE_STRICT_OBJC_MSGSEND = YES;
				GCC_C_LANGUAGE_STANDARD = gnu11;
				GCC_NO_COMMON_BLOCKS = YES;
				GCC_WARN_64_TO_32_BIT_CONVERSION = YES;
				GCC_WARN_ABOUT_RETURN_TYPE = YES_ERROR;
				GCC_WARN_UNDECLARED_SELECTOR = YES;
				GCC_WARN_UNINITIALIZED_AUTOS = YES_AGGRESSIVE;
				GCC_WARN_UNUSED_FUNCTION = YES;
				GCC_WARN_UNUSED_VARIABLE = YES;
				IPHONEOS_DEPLOYMENT_TARGET = 15.4;
				MTL_ENABLE_DEBUG_INFO = NO;
				MTL_FAST_MATH = YES;
				SDKROOT = iphoneos;
				SWIFT_COMPILATION_MODE = wholemodule;
				SWIFT_OPTIMIZATION_LEVEL = "-O";
				VALIDATE_PRODUCT = YES;
			};
			name = Release;
		};
		70D7DACD284FC240001B4100 /* Debug */ = {
			isa = XCBuildConfiguration;
			buildSettings = {
				ASSETCATALOG_COMPILER_APPICON_NAME = AppIcon;
				ASSETCATALOG_COMPILER_GLOBAL_ACCENT_COLOR_NAME = AccentColor;
				CODE_SIGN_STYLE = Automatic;
				CURRENT_PROJECT_VERSION = 1;
				DEVELOPMENT_TEAM = KZ45H8GWPK;
				GENERATE_INFOPLIST_FILE = YES;
				INFOPLIST_FILE = SensorMotion/Info.plist;
				INFOPLIST_KEY_UIApplicationSupportsIndirectInputEvents = YES;
				INFOPLIST_KEY_UILaunchStoryboardName = LaunchScreen;
				INFOPLIST_KEY_UIMainStoryboardFile = Main;
				INFOPLIST_KEY_UISupportedInterfaceOrientations_iPad = "UIInterfaceOrientationPortrait UIInterfaceOrientationPortraitUpsideDown UIInterfaceOrientationLandscapeLeft UIInterfaceOrientationLandscapeRight";
				INFOPLIST_KEY_UISupportedInterfaceOrientations_iPhone = "UIInterfaceOrientationPortrait UIInterfaceOrientationLandscapeLeft UIInterfaceOrientationLandscapeRight";
				LD_RUNPATH_SEARCH_PATHS = (
					"$(inherited)",
					"@executable_path/Frameworks",
				);
				MARKETING_VERSION = 1.0;
				PRODUCT_BUNDLE_IDENTIFIER = com.admin.SensorMotion;
				PRODUCT_NAME = "$(TARGET_NAME)";
				SWIFT_EMIT_LOC_STRINGS = YES;
				SWIFT_VERSION = 5.0;
				TARGETED_DEVICE_FAMILY = 1;
			};
			name = Debug;
		};
		70D7DACE284FC240001B4100 /* Release */ = {
			isa = XCBuildConfiguration;
			buildSettings = {
				ASSETCATALOG_COMPILER_APPICON_NAME = AppIcon;
				ASSETCATALOG_COMPILER_GLOBAL_ACCENT_COLOR_NAME = AccentColor;
				CODE_SIGN_STYLE = Automatic;
				CURRENT_PROJECT_VERSION = 1;
				DEVELOPMENT_TEAM = KZ45H8GWPK;
				GENERATE_INFOPLIST_FILE = YES;
				INFOPLIST_FILE = SensorMotion/Info.plist;
				INFOPLIST_KEY_UIApplicationSupportsIndirectInputEvents = YES;
				INFOPLIST_KEY_UILaunchStoryboardName = LaunchScreen;
				INFOPLIST_KEY_UIMainStoryboardFile = Main;
				INFOPLIST_KEY_UISupportedInterfaceOrientations_iPad = "UIInterfaceOrientationPortrait UIInterfaceOrientationPortraitUpsideDown UIInterfaceOrientationLandscapeLeft UIInterfaceOrientationLandscapeRight";
				INFOPLIST_KEY_UISupportedInterfaceOrientations_iPhone = "UIInterfaceOrientationPortrait UIInterfaceOrientationLandscapeLeft UIInterfaceOrientationLandscapeRight";
				LD_RUNPATH_SEARCH_PATHS = (
					"$(inherited)",
					"@executable_path/Frameworks",
				);
				MARKETING_VERSION = 1.0;
				PRODUCT_BUNDLE_IDENTIFIER = com.admin.SensorMotion;
				PRODUCT_NAME = "$(TARGET_NAME)";
				SWIFT_EMIT_LOC_STRINGS = YES;
				SWIFT_VERSION = 5.0;
				TARGETED_DEVICE_FAMILY = 1;
			};
			name = Release;
		};
/* End XCBuildConfiguration section */

/* Begin XCConfigurationList section */
		70D7DAB3284FC23F001B4100 /* Build configuration list for PBXProject "SensorMotion" */ = {
			isa = XCConfigurationList;
			buildConfigurations = (
				70D7DACA284FC240001B4100 /* Debug */,
				70D7DACB284FC240001B4100 /* Release */,
			);
			defaultConfigurationIsVisible = 0;
			defaultConfigurationName = Release;
		};
		70D7DACC284FC240001B4100 /* Build configuration list for PBXNativeTarget "SensorMotion" */ = {
			isa = XCConfigurationList;
			buildConfigurations = (
				70D7DACD284FC240001B4100 /* Debug */,
				70D7DACE284FC240001B4100 /* Release */,
			);
			defaultConfigurationIsVisible = 0;
			defaultConfigurationName = Release;
		};
/* End XCConfigurationList section */
	};
	rootObject = 70D7DAB0284FC23F001B4100 /* Project object */;
}
